
Microsoft Visual Studio Solution File, Format Version 12.00
# Visual Studio 15
VisualStudioVersion = 15.0.26730.10
MinimumVisualStudioVersion = 10.0.40219.1
Project("{9A19103F-16F7-4668-BE54-9A1E7A4F7556}") = "CC98.AppSetting", "CC98.AppSetting\CC98.AppSetting.csproj", "{B0CD8422-2952-41AE-969B-2231D11D3A38}"
EndProject
Project("{9A19103F-16F7-4668-BE54-9A1E7A4F7556}") = "CC98.Authentication.External", "CC98.Authentication.External\CC98.Authentication.External.csproj", "{36A7A49E-D0D8-41C9-AE24-72759F5F9AB6}"
EndProject
Project("{9A19103F-16F7-4668-BE54-9A1E7A4F7556}") = "CC98.Identity.Core", "CC98.Identity.Core\CC98.Identity.Core.csproj", "{C074F9F9-06F0-49C9-98C0-D6D608373BB9}"
EndProject
Project("{9A19103F-16F7-4668-BE54-9A1E7A4F7556}") = "CC98.Identity.Scopes", "CC98.Identity.Scopes\CC98.Identity.Scopes.csproj", "{72ABB9AE-A518-4EB9-AD9A-568566066245}"
EndProject
Global
	GlobalSection(SolutionConfigurationPlatforms) = preSolution
		Debug|Any CPU = Debug|Any CPU
		Release|Any CPU = Release|Any CPU
	EndGlobalSection
	GlobalSection(ProjectConfigurationPlatforms) = postSolution
		{B0CD8422-2952-41AE-969B-2231D11D3A38}.Debug|Any CPU.ActiveCfg = Debug|Any CPU
		{B0CD8422-2952-41AE-969B-2231D11D3A38}.Debug|Any CPU.Build.0 = Debug|Any CPU
		{B0CD8422-2952-41AE-969B-2231D11D3A38}.Release|Any CPU.ActiveCfg = Release|Any CPU
		{B0CD8422-2952-41AE-969B-2231D11D3A38}.Release|Any CPU.Build.0 = Release|Any CPU
		{36A7A49E-D0D8-41C9-AE24-72759F5F9AB6}.Debug|Any CPU.ActiveCfg = Debug|Any CPU
		{36A7A49E-D0D8-41C9-AE24-72759F5F9AB6}.Debug|Any CPU.Build.0 = Debug|Any CPU
		{36A7A49E-D0D8-41C9-AE24-72759F5F9AB6}.Release|Any CPU.ActiveCfg = Release|Any CPU
		{36A7A49E-D0D8-41C9-AE24-72759F5F9AB6}.Release|Any CPU.Build.0 = Release|Any CPU
		{C074F9F9-06F0-49C9-98C0-D6D608373BB9}.Debug|Any CPU.ActiveCfg = Debug|Any CPU
		{C074F9F9-06F0-49C9-98C0-D6D608373BB9}.Debug|Any CPU.Build.0 = Debug|Any CPU
		{C074F9F9-06F0-49C9-98C0-D6D608373BB9}.Release|Any CPU.ActiveCfg = Release|Any CPU
		{C074F9F9-06F0-49C9-98C0-D6D608373BB9}.Release|Any CPU.Build.0 = Release|Any CPU
		{72ABB9AE-A518-4EB9-AD9A-568566066245}.Debug|Any CPU.ActiveCfg = Debug|Any CPU
		{72ABB9AE-A518-4EB9-AD9A-568566066245}.Debug|Any CPU.Build.0 = Debug|Any CPU
		{72ABB9AE-A518-4EB9-AD9A-568566066245}.Release|Any CPU.ActiveCfg = Release|Any CPU
		{72ABB9AE-A518-4EB9-AD9A-568566066245}.Release|Any CPU.Build.0 = Release|Any CPU
	EndGlobalSection
	GlobalSection(SolutionProperties) = preSolution
		HideSolutionNode = FALSE
	EndGlobalSection
	GlobalSection(ExtensibilityGlobals) = postSolution
		SolutionGuid = {D300F061-E042-4DEE-8F39-BB32ABCEF88E}
	EndGlobalSection
EndGlobal
